
Microsoft Visual Studio Solution File, Format Version 10.00
# Visual Studio 2008
Project("{FAE04EC0-301F-11D3-BF4B-00C04F79EFBC}") = "iBabyShapes", "iBabySmash\iBabyShapes.csproj", "{DE14E816-7D75-4546-B6D3-9D481A72C63D}"
EndProject
Global
	GlobalSection(SolutionConfigurationPlatforms) = preSolution
		Debug|iPhoneSimulator = Debug|iPhoneSimulator
		Release|iPhoneSimulator = Release|iPhoneSimulator
		Debug|iPhone = Debug|iPhone
		Release|iPhone = Release|iPhone
		Distribution|iPhone = Distribution|iPhone
	EndGlobalSection
	GlobalSection(ProjectConfigurationPlatforms) = postSolution
		{DE14E816-7D75-4546-B6D3-9D481A72C63D}.Debug|iPhone.ActiveCfg = Debug|iPhone
		{DE14E816-7D75-4546-B6D3-9D481A72C63D}.Debug|iPhone.Build.0 = Debug|iPhone
		{DE14E816-7D75-4546-B6D3-9D481A72C63D}.Debug|iPhoneSimulator.ActiveCfg = Debug|iPhoneSimulator
		{DE14E816-7D75-4546-B6D3-9D481A72C63D}.Debug|iPhoneSimulator.Build.0 = Debug|iPhoneSimulator
		{DE14E816-7D75-4546-B6D3-9D481A72C63D}.Distribution|iPhone.ActiveCfg = Distribution|iPhone
		{DE14E816-7D75-4546-B6D3-9D481A72C63D}.Distribution|iPhone.Build.0 = Distribution|iPhone
		{DE14E816-7D75-4546-B6D3-9D481A72C63D}.Release|iPhone.ActiveCfg = Release|iPhone
		{DE14E816-7D75-4546-B6D3-9D481A72C63D}.Release|iPhone.Build.0 = Release|iPhone
		{DE14E816-7D75-4546-B6D3-9D481A72C63D}.Release|iPhoneSimulator.ActiveCfg = Release|iPhoneSimulator
		{DE14E816-7D75-4546-B6D3-9D481A72C63D}.Release|iPhoneSimulator.Build.0 = Release|iPhoneSimulator
	EndGlobalSection
	GlobalSection(MonoDevelopProperties) = preSolution
		StartupItem = iBabySmash\iBabyShapes.csproj
	EndGlobalSection
EndGlobal
